// !$*UTF8*$!
{
	archiveVersion = 1;
	classes = {
	};
	objectVersion = 50;
	objects = {

/* Begin PBXBuildFile section */
		70D23EFCEC2C76ED649B7332 /* Pods_Cammeet.framework in Frameworks */ = {isa = PBXBuildFile; fileRef = 00E98316366FB13B6DADCF22 /* Pods_Cammeet.framework */; };
		CECE5FD020B1AC790018E878 /* AppDelegate.swift in Sources */ = {isa = PBXBuildFile; fileRef = CECE5FCF20B1AC790018E878 /* AppDelegate.swift */; };
		CECE5FD520B1AC790018E878 /* Main.storyboard in Resources */ = {isa = PBXBuildFile; fileRef = CECE5FD320B1AC790018E878 /* Main.storyboard */; };
		CECE5FD720B1AC7A0018E878 /* Assets.xcassets in Resources */ = {isa = PBXBuildFile; fileRef = CECE5FD620B1AC7A0018E878 /* Assets.xcassets */; };
		CECE5FDA20B1AC7A0018E878 /* LaunchScreen.storyboard in Resources */ = {isa = PBXBuildFile; fileRef = CECE5FD820B1AC7A0018E878 /* LaunchScreen.storyboard */; };
		EF4A5D2920C2E58100DBB22A /* ChatListVC.swift in Sources */ = {isa = PBXBuildFile; fileRef = EF4A5D2820C2E58100DBB22A /* ChatListVC.swift */; };
		EF4A5D2B20C2E58A00DBB22A /* ChatCell.swift in Sources */ = {isa = PBXBuildFile; fileRef = EF4A5D2A20C2E58A00DBB22A /* ChatCell.swift */; };
		EF4A5D2D20C3C68900DBB22A /* MainTabBarVC.swift in Sources */ = {isa = PBXBuildFile; fileRef = EF4A5D2C20C3C68900DBB22A /* MainTabBarVC.swift */; };
		EF4A5D3020C3C7DA00DBB22A /* HomeCVC.swift in Sources */ = {isa = PBXBuildFile; fileRef = EF4A5D2F20C3C7DA00DBB22A /* HomeCVC.swift */; };
		EF4A5D3220C3C7E300DBB22A /* HomeView.swift in Sources */ = {isa = PBXBuildFile; fileRef = EF4A5D3120C3C7E300DBB22A /* HomeView.swift */; };
		EF4A5D3420C3CD1500DBB22A /* YSCollectionViewController.swift in Sources */ = {isa = PBXBuildFile; fileRef = EF4A5D3320C3CD1500DBB22A /* YSCollectionViewController.swift */; };
		EF4A5D3620C3CF3300DBB22A /* RoomCell.swift in Sources */ = {isa = PBXBuildFile; fileRef = EF4A5D3520C3CF3300DBB22A /* RoomCell.swift */; };
		EF4A5D3820C3D0D000DBB22A /* YSCollectionViewCell.swift in Sources */ = {isa = PBXBuildFile; fileRef = EF4A5D3720C3D0D000DBB22A /* YSCollectionViewCell.swift */; };
		EF4A5D3A20C3DA8B00DBB22A /* UIColor+.swift in Sources */ = {isa = PBXBuildFile; fileRef = EF4A5D3920C3DA8B00DBB22A /* UIColor+.swift */; };
		EF4A5D3C20C3E27400DBB22A /* GoogleService-Info.plist in Resources */ = {isa = PBXBuildFile; fileRef = EF4A5D3B20C3E27300DBB22A /* GoogleService-Info.plist */; };
		EF8AD34920B686BC001EB562 /* InitView.swift in Sources */ = {isa = PBXBuildFile; fileRef = EF8AD34820B686BC001EB562 /* InitView.swift */; };
		EF8AD34C20B686FA001EB562 /* YSView.swift in Sources */ = {isa = PBXBuildFile; fileRef = EF8AD34B20B686FA001EB562 /* YSView.swift */; };
		EF8AD34F20B68852001EB562 /* UIView+.swift in Sources */ = {isa = PBXBuildFile; fileRef = EF8AD34E20B68852001EB562 /* UIView+.swift */; };
		EF8AD35120B689D7001EB562 /* InitVC.swift in Sources */ = {isa = PBXBuildFile; fileRef = EF8AD35020B689D7001EB562 /* InitVC.swift */; };
		EF8AD35320B68A08001EB562 /* YSViewController.swift in Sources */ = {isa = PBXBuildFile; fileRef = EF8AD35220B68A08001EB562 /* YSViewController.swift */; };
		EF8AD35620B68DFD001EB562 /* LoginView.swift in Sources */ = {isa = PBXBuildFile; fileRef = EF8AD35520B68DFD001EB562 /* LoginView.swift */; };
		EF8AD35820B68E06001EB562 /* LoginVC.swift in Sources */ = {isa = PBXBuildFile; fileRef = EF8AD35720B68E06001EB562 /* LoginVC.swift */; };
		EF8AD35E20B69716001EB562 /* BMDOHYEON_otf.otf in Resources */ = {isa = PBXBuildFile; fileRef = EF8AD35D20B69716001EB562 /* BMDOHYEON_otf.otf */; };
		EF8AD36420B69BAF001EB562 /* SignUpView.swift in Sources */ = {isa = PBXBuildFile; fileRef = EF8AD36320B69BAF001EB562 /* SignUpView.swift */; };
		EF8AD36820B69BB9001EB562 /* SignUpVC.swift in Sources */ = {isa = PBXBuildFile; fileRef = EF8AD36720B69BB9001EB562 /* SignUpVC.swift */; };
		EF8AD36C20B69E94001EB562 /* YSScrollView.swift in Sources */ = {isa = PBXBuildFile; fileRef = EF8AD36B20B69E94001EB562 /* YSScrollView.swift */; };
/* End PBXBuildFile section */

/* Begin PBXFileReference section */
		00E98316366FB13B6DADCF22 /* Pods_Cammeet.framework */ = {isa = PBXFileReference; explicitFileType = wrapper.framework; includeInIndex = 0; path = Pods_Cammeet.framework; sourceTree = BUILT_PRODUCTS_DIR; };
		34F12FB065E6C70A75E50240 /* Pods-Cammeet.release.xcconfig */ = {isa = PBXFileReference; includeInIndex = 1; lastKnownFileType = text.xcconfig; name = "Pods-Cammeet.release.xcconfig"; path = "Pods/Target Support Files/Pods-Cammeet/Pods-Cammeet.release.xcconfig"; sourceTree = "<group>"; };
		3DCDC3A15A0A7BFB318DC7FD /* Pods_CammeetTests.framework */ = {isa = PBXFileReference; explicitFileType = wrapper.framework; includeInIndex = 0; path = Pods_CammeetTests.framework; sourceTree = BUILT_PRODUCTS_DIR; };
		4DAFE4D3402DD2DE31B3B1AB /* Pods-CammeetUITests.release.xcconfig */ = {isa = PBXFileReference; includeInIndex = 1; lastKnownFileType = text.xcconfig; name = "Pods-CammeetUITests.release.xcconfig"; path = "Pods/Target Support Files/Pods-CammeetUITests/Pods-CammeetUITests.release.xcconfig"; sourceTree = "<group>"; };
		58F07E7ACC73B6BDC87EBB0A /* Pods-CammeetTests.debug.xcconfig */ = {isa = PBXFileReference; includeInIndex = 1; lastKnownFileType = text.xcconfig; name = "Pods-CammeetTests.debug.xcconfig"; path = "Pods/Target Support Files/Pods-CammeetTests/Pods-CammeetTests.debug.xcconfig"; sourceTree = "<group>"; };
		7AC008755EBDB27FD64477C8 /* Pods-CammeetTests.release.xcconfig */ = {isa = PBXFileReference; includeInIndex = 1; lastKnownFileType = text.xcconfig; name = "Pods-CammeetTests.release.xcconfig"; path = "Pods/Target Support Files/Pods-CammeetTests/Pods-CammeetTests.release.xcconfig"; sourceTree = "<group>"; };
		CECE5FCC20B1AC790018E878 /* Cammeet.app */ = {isa = PBXFileReference; explicitFileType = wrapper.application; includeInIndex = 0; path = Cammeet.app; sourceTree = BUILT_PRODUCTS_DIR; };
		CECE5FCF20B1AC790018E878 /* AppDelegate.swift */ = {isa = PBXFileReference; lastKnownFileType = sourcecode.swift; path = AppDelegate.swift; sourceTree = "<group>"; };
		CECE5FD420B1AC790018E878 /* Base */ = {isa = PBXFileReference; lastKnownFileType = file.storyboard; name = Base; path = Base.lproj/Main.storyboard; sourceTree = "<group>"; };
		CECE5FD620B1AC7A0018E878 /* Assets.xcassets */ = {isa = PBXFileReference; lastKnownFileType = folder.assetcatalog; path = Assets.xcassets; sourceTree = "<group>"; };
		CECE5FD920B1AC7A0018E878 /* Base */ = {isa = PBXFileReference; lastKnownFileType = file.storyboard; name = Base; path = Base.lproj/LaunchScreen.storyboard; sourceTree = "<group>"; };
		CECE5FDB20B1AC7A0018E878 /* Info.plist */ = {isa = PBXFileReference; lastKnownFileType = text.plist.xml; path = Info.plist; sourceTree = "<group>"; };
		CECE5FE420B1AC7A0018E878 /* CammeetTests.swift */ = {isa = PBXFileReference; lastKnownFileType = sourcecode.swift; path = CammeetTests.swift; sourceTree = "<group>"; };
		CECE5FE620B1AC7A0018E878 /* Info.plist */ = {isa = PBXFileReference; lastKnownFileType = text.plist.xml; path = Info.plist; sourceTree = "<group>"; };
		CECE5FEF20B1AC7A0018E878 /* CammeetUITests.swift */ = {isa = PBXFileReference; lastKnownFileType = sourcecode.swift; path = CammeetUITests.swift; sourceTree = "<group>"; };
		CECE5FF120B1AC7A0018E878 /* Info.plist */ = {isa = PBXFileReference; lastKnownFileType = text.plist.xml; path = Info.plist; sourceTree = "<group>"; };
		E7FEEC42E49F2BAF2E5C39B1 /* Pods-CammeetUITests.debug.xcconfig */ = {isa = PBXFileReference; includeInIndex = 1; lastKnownFileType = text.xcconfig; name = "Pods-CammeetUITests.debug.xcconfig"; path = "Pods/Target Support Files/Pods-CammeetUITests/Pods-CammeetUITests.debug.xcconfig"; sourceTree = "<group>"; };
		EF4A5D2820C2E58100DBB22A /* ChatListVC.swift */ = {isa = PBXFileReference; lastKnownFileType = sourcecode.swift; path = ChatListVC.swift; sourceTree = "<group>"; };
		EF4A5D2A20C2E58A00DBB22A /* ChatCell.swift */ = {isa = PBXFileReference; lastKnownFileType = sourcecode.swift; path = ChatCell.swift; sourceTree = "<group>"; };
		EF4A5D2C20C3C68900DBB22A /* MainTabBarVC.swift */ = {isa = PBXFileReference; lastKnownFileType = sourcecode.swift; path = MainTabBarVC.swift; sourceTree = "<group>"; };
		EF4A5D2F20C3C7DA00DBB22A /* HomeCVC.swift */ = {isa = PBXFileReference; lastKnownFileType = sourcecode.swift; path = HomeCVC.swift; sourceTree = "<group>"; };
		EF4A5D3120C3C7E300DBB22A /* HomeView.swift */ = {isa = PBXFileReference; lastKnownFileType = sourcecode.swift; path = HomeView.swift; sourceTree = "<group>"; };
		EF4A5D3320C3CD1500DBB22A /* YSCollectionViewController.swift */ = {isa = PBXFileReference; lastKnownFileType = sourcecode.swift; path = YSCollectionViewController.swift; sourceTree = "<group>"; };
		EF4A5D3520C3CF3300DBB22A /* RoomCell.swift */ = {isa = PBXFileReference; lastKnownFileType = sourcecode.swift; path = RoomCell.swift; sourceTree = "<group>"; };
		EF4A5D3720C3D0D000DBB22A /* YSCollectionViewCell.swift */ = {isa = PBXFileReference; lastKnownFileType = sourcecode.swift; path = YSCollectionViewCell.swift; sourceTree = "<group>"; };
		EF4A5D3920C3DA8B00DBB22A /* UIColor+.swift */ = {isa = PBXFileReference; lastKnownFileType = sourcecode.swift; path = "UIColor+.swift"; sourceTree = "<group>"; };
		EF4A5D3B20C3E27300DBB22A /* GoogleService-Info.plist */ = {isa = PBXFileReference; fileEncoding = 4; lastKnownFileType = text.plist.xml; path = "GoogleService-Info.plist"; sourceTree = "<group>"; };
		EF4A5D3D20C3EBBD00DBB22A /* Cammeet.entitlements */ = {isa = PBXFileReference; lastKnownFileType = text.plist.entitlements; path = Cammeet.entitlements; sourceTree = "<group>"; };
		EF8AD34820B686BC001EB562 /* InitView.swift */ = {isa = PBXFileReference; lastKnownFileType = sourcecode.swift; path = InitView.swift; sourceTree = "<group>"; };
		EF8AD34B20B686FA001EB562 /* YSView.swift */ = {isa = PBXFileReference; lastKnownFileType = sourcecode.swift; path = YSView.swift; sourceTree = "<group>"; };
		EF8AD34E20B68852001EB562 /* UIView+.swift */ = {isa = PBXFileReference; lastKnownFileType = sourcecode.swift; path = "UIView+.swift"; sourceTree = "<group>"; };
		EF8AD35020B689D7001EB562 /* InitVC.swift */ = {isa = PBXFileReference; lastKnownFileType = sourcecode.swift; path = InitVC.swift; sourceTree = "<group>"; };
		EF8AD35220B68A08001EB562 /* YSViewController.swift */ = {isa = PBXFileReference; lastKnownFileType = sourcecode.swift; path = YSViewController.swift; sourceTree = "<group>"; };
		EF8AD35520B68DFD001EB562 /* LoginView.swift */ = {isa = PBXFileReference; lastKnownFileType = sourcecode.swift; path = LoginView.swift; sourceTree = "<group>"; };
		EF8AD35720B68E06001EB562 /* LoginVC.swift */ = {isa = PBXFileReference; lastKnownFileType = sourcecode.swift; path = LoginVC.swift; sourceTree = "<group>"; };
		EF8AD35D20B69716001EB562 /* BMDOHYEON_otf.otf */ = {isa = PBXFileReference; lastKnownFileType = file; path = BMDOHYEON_otf.otf; sourceTree = "<group>"; };
		EF8AD36320B69BAF001EB562 /* SignUpView.swift */ = {isa = PBXFileReference; lastKnownFileType = sourcecode.swift; path = SignUpView.swift; sourceTree = "<group>"; };
		EF8AD36720B69BB9001EB562 /* SignUpVC.swift */ = {isa = PBXFileReference; lastKnownFileType = sourcecode.swift; path = SignUpVC.swift; sourceTree = "<group>"; };
		EF8AD36B20B69E94001EB562 /* YSScrollView.swift */ = {isa = PBXFileReference; fileEncoding = 4; lastKnownFileType = sourcecode.swift; path = YSScrollView.swift; sourceTree = "<group>"; };
		FC242E1D58E55281AA10E216 /* Pods_CammeetUITests.framework */ = {isa = PBXFileReference; explicitFileType = wrapper.framework; includeInIndex = 0; path = Pods_CammeetUITests.framework; sourceTree = BUILT_PRODUCTS_DIR; };
		FCE317C8384C466D5FD7F75B /* Pods-Cammeet.debug.xcconfig */ = {isa = PBXFileReference; includeInIndex = 1; lastKnownFileType = text.xcconfig; name = "Pods-Cammeet.debug.xcconfig"; path = "Pods/Target Support Files/Pods-Cammeet/Pods-Cammeet.debug.xcconfig"; sourceTree = "<group>"; };
/* End PBXFileReference section */

/* Begin PBXFrameworksBuildPhase section */
		CECE5FC920B1AC790018E878 /* Frameworks */ = {
			isa = PBXFrameworksBuildPhase;
			buildActionMask = 2147483647;
			files = (
				70D23EFCEC2C76ED649B7332 /* Pods_Cammeet.framework in Frameworks */,
			);
			runOnlyForDeploymentPostprocessing = 0;
		};
/* End PBXFrameworksBuildPhase section */

/* Begin PBXGroup section */
		99B5EF18C67E22FF69268972 /* Pods */ = {
			isa = PBXGroup;
			children = (
				FCE317C8384C466D5FD7F75B /* Pods-Cammeet.debug.xcconfig */,
				34F12FB065E6C70A75E50240 /* Pods-Cammeet.release.xcconfig */,
				58F07E7ACC73B6BDC87EBB0A /* Pods-CammeetTests.debug.xcconfig */,
				7AC008755EBDB27FD64477C8 /* Pods-CammeetTests.release.xcconfig */,
				E7FEEC42E49F2BAF2E5C39B1 /* Pods-CammeetUITests.debug.xcconfig */,
				4DAFE4D3402DD2DE31B3B1AB /* Pods-CammeetUITests.release.xcconfig */,
			);
			name = Pods;
			sourceTree = "<group>";
		};
		CECE5FC320B1AC790018E878 = {
			isa = PBXGroup;
			children = (
				CECE5FCE20B1AC790018E878 /* Cammeet */,
				CECE5FE320B1AC7A0018E878 /* CammeetTests */,
				CECE5FEE20B1AC7A0018E878 /* CammeetUITests */,
				CECE5FCD20B1AC790018E878 /* Products */,
				99B5EF18C67E22FF69268972 /* Pods */,
				E2B3721EBB9006E69E4C648A /* Frameworks */,
			);
			sourceTree = "<group>";
		};
		CECE5FCD20B1AC790018E878 /* Products */ = {
			isa = PBXGroup;
			children = (
				CECE5FCC20B1AC790018E878 /* Cammeet.app */,
			);
			name = Products;
			sourceTree = "<group>";
		};
		CECE5FCE20B1AC790018E878 /* Cammeet */ = {
			isa = PBXGroup;
			children = (
				EF4A5D3D20C3EBBD00DBB22A /* Cammeet.entitlements */,
				EF8AD34A20B686F0001EB562 /* Base */,
				EF4A5D2E20C3C7BA00DBB22A /* Home */,
				EF4A5D2720C2E56F00DBB22A /* Chat */,
				EF8AD36220B69B9D001EB562 /* SignUp */,
				EF8AD34720B686AF001EB562 /* Init */,
				EF8AD35420B68DE8001EB562 /* Login */,
				CECE5FCF20B1AC790018E878 /* AppDelegate.swift */,
				CECE5FD320B1AC790018E878 /* Main.storyboard */,
				CECE5FD620B1AC7A0018E878 /* Assets.xcassets */,
				EF8AD35D20B69716001EB562 /* BMDOHYEON_otf.otf */,
				CECE5FD820B1AC7A0018E878 /* LaunchScreen.storyboard */,
				CECE5FDB20B1AC7A0018E878 /* Info.plist */,
				EF4A5D3B20C3E27300DBB22A /* GoogleService-Info.plist */,
				EF4A5D2C20C3C68900DBB22A /* MainTabBarVC.swift */,
			);
			path = Cammeet;
			sourceTree = "<group>";
		};
		CECE5FE320B1AC7A0018E878 /* CammeetTests */ = {
			isa = PBXGroup;
			children = (
				CECE5FE420B1AC7A0018E878 /* CammeetTests.swift */,
				CECE5FE620B1AC7A0018E878 /* Info.plist */,
			);
			path = CammeetTests;
			sourceTree = "<group>";
		};
		CECE5FEE20B1AC7A0018E878 /* CammeetUITests */ = {
			isa = PBXGroup;
			children = (
				CECE5FEF20B1AC7A0018E878 /* CammeetUITests.swift */,
				CECE5FF120B1AC7A0018E878 /* Info.plist */,
			);
			path = CammeetUITests;
			sourceTree = "<group>";
		};
		E2B3721EBB9006E69E4C648A /* Frameworks */ = {
			isa = PBXGroup;
			children = (
				00E98316366FB13B6DADCF22 /* Pods_Cammeet.framework */,
				3DCDC3A15A0A7BFB318DC7FD /* Pods_CammeetTests.framework */,
				FC242E1D58E55281AA10E216 /* Pods_CammeetUITests.framework */,
			);
			name = Frameworks;
			sourceTree = "<group>";
		};
		EF4A5D2720C2E56F00DBB22A /* Chat */ = {
			isa = PBXGroup;
			children = (
				EF4A5D2820C2E58100DBB22A /* ChatListVC.swift */,
				EF4A5D2A20C2E58A00DBB22A /* ChatCell.swift */,
			);
			path = Chat;
			sourceTree = "<group>";
		};
		EF4A5D2E20C3C7BA00DBB22A /* Home */ = {
			isa = PBXGroup;
			children = (
				EF4A5D2F20C3C7DA00DBB22A /* HomeCVC.swift */,
				EF4A5D3120C3C7E300DBB22A /* HomeView.swift */,
				EF4A5D3520C3CF3300DBB22A /* RoomCell.swift */,
			);
			path = Home;
			sourceTree = "<group>";
		};
		EF8AD34720B686AF001EB562 /* Init */ = {
			isa = PBXGroup;
			children = (
				EF8AD35020B689D7001EB562 /* InitVC.swift */,
				EF8AD34820B686BC001EB562 /* InitView.swift */,
			);
			path = Init;
			sourceTree = "<group>";
		};
		EF8AD34A20B686F0001EB562 /* Base */ = {
			isa = PBXGroup;
			children = (
				EF8AD34D20B6882E001EB562 /* Extension */,
				EF8AD34B20B686FA001EB562 /* YSView.swift */,
				EF8AD35220B68A08001EB562 /* YSViewController.swift */,
				EF4A5D3320C3CD1500DBB22A /* YSCollectionViewController.swift */,
				EF8AD36B20B69E94001EB562 /* YSScrollView.swift */,
				EF4A5D3720C3D0D000DBB22A /* YSCollectionViewCell.swift */,
			);
			path = Base;
			sourceTree = "<group>";
		};
		EF8AD34D20B6882E001EB562 /* Extension */ = {
			isa = PBXGroup;
			children = (
				EF8AD34E20B68852001EB562 /* UIView+.swift */,
				EF4A5D3920C3DA8B00DBB22A /* UIColor+.swift */,
			);
			path = Extension;
			sourceTree = "<group>";
		};
		EF8AD35420B68DE8001EB562 /* Login */ = {
			isa = PBXGroup;
			children = (
				EF8AD35720B68E06001EB562 /* LoginVC.swift */,
				EF8AD35520B68DFD001EB562 /* LoginView.swift */,
			);
			path = Login;
			sourceTree = "<group>";
		};
		EF8AD36220B69B9D001EB562 /* SignUp */ = {
			isa = PBXGroup;
			children = (
				EF8AD36320B69BAF001EB562 /* SignUpView.swift */,
				EF8AD36720B69BB9001EB562 /* SignUpVC.swift */,
			);
			path = SignUp;
			sourceTree = "<group>";
		};
/* End PBXGroup section */

/* Begin PBXNativeTarget section */
		CECE5FCB20B1AC790018E878 /* Cammeet */ = {
			isa = PBXNativeTarget;
			buildConfigurationList = CECE5FF420B1AC7A0018E878 /* Build configuration list for PBXNativeTarget "Cammeet" */;
			buildPhases = (
				9E7A5F062C0BE6F217B33D2E /* [CP] Check Pods Manifest.lock */,
				CECE5FC820B1AC790018E878 /* Sources */,
				CECE5FC920B1AC790018E878 /* Frameworks */,
				CECE5FCA20B1AC790018E878 /* Resources */,
				C0C5E903367D88A1CAA41C1F /* [CP] Embed Pods Frameworks */,
			);
			buildRules = (
			);
			dependencies = (
			);
			name = Cammeet;
			productName = Cammeet;
			productReference = CECE5FCC20B1AC790018E878 /* Cammeet.app */;
			productType = "com.apple.product-type.application";
		};
/* End PBXNativeTarget section */

/* Begin PBXProject section */
		CECE5FC420B1AC790018E878 /* Project object */ = {
			isa = PBXProject;
			attributes = {
				LastSwiftUpdateCheck = 0930;
				LastUpgradeCheck = 0930;
				ORGANIZATIONNAME = TYLENOL;
				TargetAttributes = {
					CECE5FCB20B1AC790018E878 = {
						CreatedOnToolsVersion = 9.3.1;
						SystemCapabilities = {
							com.apple.Push = {
								enabled = 1;
							};
						};
					};
				};
			};
			buildConfigurationList = CECE5FC720B1AC790018E878 /* Build configuration list for PBXProject "Cammeet" */;
			compatibilityVersion = "Xcode 9.3";
			developmentRegion = en;
			hasScannedForEncodings = 0;
			knownRegions = (
				en,
				Base,
			);
			mainGroup = CECE5FC320B1AC790018E878;
			productRefGroup = CECE5FCD20B1AC790018E878 /* Products */;
			projectDirPath = "";
			projectRoot = "";
			targets = (
				CECE5FCB20B1AC790018E878 /* Cammeet */,
			);
		};
/* End PBXProject section */

/* Begin PBXResourcesBuildPhase section */
		CECE5FCA20B1AC790018E878 /* Resources */ = {
			isa = PBXResourcesBuildPhase;
			buildActionMask = 2147483647;
			files = (
				CECE5FDA20B1AC7A0018E878 /* LaunchScreen.storyboard in Resources */,
				EF8AD35E20B69716001EB562 /* BMDOHYEON_otf.otf in Resources */,
				EF4A5D3C20C3E27400DBB22A /* GoogleService-Info.plist in Resources */,
				CECE5FD720B1AC7A0018E878 /* Assets.xcassets in Resources */,
				CECE5FD520B1AC790018E878 /* Main.storyboard in Resources */,
			);
			runOnlyForDeploymentPostprocessing = 0;
		};
/* End PBXResourcesBuildPhase section */

/* Begin PBXShellScriptBuildPhase section */
		9E7A5F062C0BE6F217B33D2E /* [CP] Check Pods Manifest.lock */ = {
			isa = PBXShellScriptBuildPhase;
			buildActionMask = 2147483647;
			files = (
			);
			inputPaths = (
				"${PODS_PODFILE_DIR_PATH}/Podfile.lock",
				"${PODS_ROOT}/Manifest.lock",
			);
			name = "[CP] Check Pods Manifest.lock";
			outputPaths = (
				"$(DERIVED_FILE_DIR)/Pods-Cammeet-checkManifestLockResult.txt",
			);
			runOnlyForDeploymentPostprocessing = 0;
			shellPath = /bin/sh;
			shellScript = "diff \"${PODS_PODFILE_DIR_PATH}/Podfile.lock\" \"${PODS_ROOT}/Manifest.lock\" > /dev/null\nif [ $? != 0 ] ; then\n    # print error to STDERR\n    echo \"error: The sandbox is not in sync with the Podfile.lock. Run 'pod install' or update your CocoaPods installation.\" >&2\n    exit 1\nfi\n# This output is used by Xcode 'outputs' to avoid re-running this script phase.\necho \"SUCCESS\" > \"${SCRIPT_OUTPUT_FILE_0}\"\n";
			showEnvVarsInLog = 0;
		};
		C0C5E903367D88A1CAA41C1F /* [CP] Embed Pods Frameworks */ = {
			isa = PBXShellScriptBuildPhase;
			buildActionMask = 2147483647;
			files = (
			);
			inputPaths = (
				"${SRCROOT}/Pods/Target Support Files/Pods-Cammeet/Pods-Cammeet-frameworks.sh",
				"${BUILT_PRODUCTS_DIR}/GTMSessionFetcher/GTMSessionFetcher.framework",
				"${BUILT_PRODUCTS_DIR}/GoogleToolboxForMac/GoogleToolboxForMac.framework",
				"${BUILT_PRODUCTS_DIR}/LayoutKit/LayoutKit.framework",
				"${BUILT_PRODUCTS_DIR}/SnapKit/SnapKit.framework",
				"${BUILT_PRODUCTS_DIR}/Then/Then.framework",
				"${BUILT_PRODUCTS_DIR}/nanopb/nanopb.framework",
			);
			name = "[CP] Embed Pods Frameworks";
			outputPaths = (
				"${TARGET_BUILD_DIR}/${FRAMEWORKS_FOLDER_PATH}/GTMSessionFetcher.framework",
				"${TARGET_BUILD_DIR}/${FRAMEWORKS_FOLDER_PATH}/GoogleToolboxForMac.framework",
				"${TARGET_BUILD_DIR}/${FRAMEWORKS_FOLDER_PATH}/LayoutKit.framework",
				"${TARGET_BUILD_DIR}/${FRAMEWORKS_FOLDER_PATH}/SnapKit.framework",
				"${TARGET_BUILD_DIR}/${FRAMEWORKS_FOLDER_PATH}/Then.framework",
				"${TARGET_BUILD_DIR}/${FRAMEWORKS_FOLDER_PATH}/nanopb.framework",
			);
			runOnlyForDeploymentPostprocessing = 0;
			shellPath = /bin/sh;
			shellScript = "\"${SRCROOT}/Pods/Target Support Files/Pods-Cammeet/Pods-Cammeet-frameworks.sh\"\n";
			showEnvVarsInLog = 0;
		};
/* End PBXShellScriptBuildPhase section */

/* Begin PBXSourcesBuildPhase section */
		CECE5FC820B1AC790018E878 /* Sources */ = {
			isa = PBXSourcesBuildPhase;
			buildActionMask = 2147483647;
			files = (
				EF8AD34C20B686FA001EB562 /* YSView.swift in Sources */,
				EF4A5D2D20C3C68900DBB22A /* MainTabBarVC.swift in Sources */,
				EF8AD35320B68A08001EB562 /* YSViewController.swift in Sources */,
				EF8AD36C20B69E94001EB562 /* YSScrollView.swift in Sources */,
				EF4A5D2920C2E58100DBB22A /* ChatListVC.swift in Sources */,
				EF4A5D3220C3C7E300DBB22A /* HomeView.swift in Sources */,
				EF8AD34920B686BC001EB562 /* InitView.swift in Sources */,
				EF8AD36820B69BB9001EB562 /* SignUpVC.swift in Sources */,
				EF4A5D3820C3D0D000DBB22A /* YSCollectionViewCell.swift in Sources */,
				CECE5FD020B1AC790018E878 /* AppDelegate.swift in Sources */,
				EF4A5D3420C3CD1500DBB22A /* YSCollectionViewController.swift in Sources */,
				EF4A5D3020C3C7DA00DBB22A /* HomeCVC.swift in Sources */,
				EF8AD35120B689D7001EB562 /* InitVC.swift in Sources */,
				EF8AD35820B68E06001EB562 /* LoginVC.swift in Sources */,
				EF8AD36420B69BAF001EB562 /* SignUpView.swift in Sources */,
				EF4A5D2B20C2E58A00DBB22A /* ChatCell.swift in Sources */,
				EF4A5D3620C3CF3300DBB22A /* RoomCell.swift in Sources */,
				EF8AD34F20B68852001EB562 /* UIView+.swift in Sources */,
				EF8AD35620B68DFD001EB562 /* LoginView.swift in Sources */,
				EF4A5D3A20C3DA8B00DBB22A /* UIColor+.swift in Sources */,
			);
			runOnlyForDeploymentPostprocessing = 0;
		};
/* End PBXSourcesBuildPhase section */

/* Begin PBXVariantGroup section */
		CECE5FD320B1AC790018E878 /* Main.storyboard */ = {
			isa = PBXVariantGroup;
			children = (
				CECE5FD420B1AC790018E878 /* Base */,
			);
			name = Main.storyboard;
			sourceTree = "<group>";
		};
		CECE5FD820B1AC7A0018E878 /* LaunchScreen.storyboard */ = {
			isa = PBXVariantGroup;
			children = (
				CECE5FD920B1AC7A0018E878 /* Base */,
			);
			name = LaunchScreen.storyboard;
			sourceTree = "<group>";
		};
/* End PBXVariantGroup section */

/* Begin XCBuildConfiguration section */
		CECE5FF220B1AC7A0018E878 /* Debug */ = {
			isa = XCBuildConfiguration;
			buildSettings = {
				ALWAYS_SEARCH_USER_PATHS = NO;
				CLANG_ANALYZER_NONNULL = YES;
				CLANG_ANALYZER_NUMBER_OBJECT_CONVERSION = YES_AGGRESSIVE;
				CLANG_CXX_LANGUAGE_STANDARD = "gnu++14";
				CLANG_CXX_LIBRARY = "libc++";
				CLANG_ENABLE_MODULES = YES;
				CLANG_ENABLE_OBJC_ARC = YES;
				CLANG_ENABLE_OBJC_WEAK = YES;
				CLANG_WARN_BLOCK_CAPTURE_AUTORELEASING = YES;
				CLANG_WARN_BOOL_CONVERSION = YES;
				CLANG_WARN_COMMA = YES;
				CLANG_WARN_CONSTANT_CONVERSION = YES;
				CLANG_WARN_DEPRECATED_OBJC_IMPLEMENTATIONS = YES;
				CLANG_WARN_DIRECT_OBJC_ISA_USAGE = YES_ERROR;
				CLANG_WARN_DOCUMENTATION_COMMENTS = YES;
				CLANG_WARN_EMPTY_BODY = YES;
				CLANG_WARN_ENUM_CONVERSION = YES;
				CLANG_WARN_INFINITE_RECURSION = YES;
				CLANG_WARN_INT_CONVERSION = YES;
				CLANG_WARN_NON_LITERAL_NULL_CONVERSION = YES;
				CLANG_WARN_OBJC_IMPLICIT_RETAIN_SELF = YES;
				CLANG_WARN_OBJC_LITERAL_CONVERSION = YES;
				CLANG_WARN_OBJC_ROOT_CLASS = YES_ERROR;
				CLANG_WARN_RANGE_LOOP_ANALYSIS = YES;
				CLANG_WARN_STRICT_PROTOTYPES = YES;
				CLANG_WARN_SUSPICIOUS_MOVE = YES;
				CLANG_WARN_UNGUARDED_AVAILABILITY = YES_AGGRESSIVE;
				CLANG_WARN_UNREACHABLE_CODE = YES;
				CLANG_WARN__DUPLICATE_METHOD_MATCH = YES;
				CODE_SIGN_IDENTITY = "iPhone Developer";
				COPY_PHASE_STRIP = NO;
				DEBUG_INFORMATION_FORMAT = dwarf;
				ENABLE_STRICT_OBJC_MSGSEND = YES;
				ENABLE_TESTABILITY = YES;
				GCC_C_LANGUAGE_STANDARD = gnu11;
				GCC_DYNAMIC_NO_PIC = NO;
				GCC_NO_COMMON_BLOCKS = YES;
				GCC_OPTIMIZATION_LEVEL = 0;
				GCC_PREPROCESSOR_DEFINITIONS = (
					"DEBUG=1",
					"$(inherited)",
				);
				GCC_WARN_64_TO_32_BIT_CONVERSION = YES;
				GCC_WARN_ABOUT_RETURN_TYPE = YES_ERROR;
				GCC_WARN_UNDECLARED_SELECTOR = YES;
				GCC_WARN_UNINITIALIZED_AUTOS = YES_AGGRESSIVE;
				GCC_WARN_UNUSED_FUNCTION = YES;
				GCC_WARN_UNUSED_VARIABLE = YES;
				IPHONEOS_DEPLOYMENT_TARGET = 11.3;
				MTL_ENABLE_DEBUG_INFO = YES;
				ONLY_ACTIVE_ARCH = YES;
				SDKROOT = iphoneos;
				SWIFT_ACTIVE_COMPILATION_CONDITIONS = DEBUG;
				SWIFT_OPTIMIZATION_LEVEL = "-Onone";
			};
			name = Debug;
		};
		CECE5FF320B1AC7A0018E878 /* Release */ = {
			isa = XCBuildConfiguration;
			buildSettings = {
				ALWAYS_SEARCH_USER_PATHS = NO;
				CLANG_ANALYZER_NONNULL = YES;
				CLANG_ANALYZER_NUMBER_OBJECT_CONVERSION = YES_AGGRESSIVE;
				CLANG_CXX_LANGUAGE_STANDARD = "gnu++14";
				CLANG_CXX_LIBRARY = "libc++";
				CLANG_ENABLE_MODULES = YES;
				CLANG_ENABLE_OBJC_ARC = YES;
				CLANG_ENABLE_OBJC_WEAK = YES;
				CLANG_WARN_BLOCK_CAPTURE_AUTORELEASING = YES;
				CLANG_WARN_BOOL_CONVERSION = YES;
				CLANG_WARN_COMMA = YES;
				CLANG_WARN_CONSTANT_CONVERSION = YES;
				CLANG_WARN_DEPRECATED_OBJC_IMPLEMENTATIONS = YES;
				CLANG_WARN_DIRECT_OBJC_ISA_USAGE = YES_ERROR;
				CLANG_WARN_DOCUMENTATION_COMMENTS = YES;
				CLANG_WARN_EMPTY_BODY = YES;
				CLANG_WARN_ENUM_CONVERSION = YES;
				CLANG_WARN_INFINITE_RECURSION = YES;
				CLANG_WARN_INT_CONVERSION = YES;
				CLANG_WARN_NON_LITERAL_NULL_CONVERSION = YES;
				CLANG_WARN_OBJC_IMPLICIT_RETAIN_SELF = YES;
				CLANG_WARN_OBJC_LITERAL_CONVERSION = YES;
				CLANG_WARN_OBJC_ROOT_CLASS = YES_ERROR;
				CLANG_WARN_RANGE_LOOP_ANALYSIS = YES;
				CLANG_WARN_STRICT_PROTOTYPES = YES;
				CLANG_WARN_SUSPICIOUS_MOVE = YES;
				CLANG_WARN_UNGUARDED_AVAILABILITY = YES_AGGRESSIVE;
				CLANG_WARN_UNREACHABLE_CODE = YES;
				CLANG_WARN__DUPLICATE_METHOD_MATCH = YES;
				CODE_SIGN_IDENTITY = "iPhone Developer";
				COPY_PHASE_STRIP = NO;
				DEBUG_INFORMATION_FORMAT = "dwarf-with-dsym";
				ENABLE_NS_ASSERTIONS = NO;
				ENABLE_STRICT_OBJC_MSGSEND = YES;
				GCC_C_LANGUAGE_STANDARD = gnu11;
				GCC_NO_COMMON_BLOCKS = YES;
				GCC_WARN_64_TO_32_BIT_CONVERSION = YES;
				GCC_WARN_ABOUT_RETURN_TYPE = YES_ERROR;
				GCC_WARN_UNDECLARED_SELECTOR = YES;
				GCC_WARN_UNINITIALIZED_AUTOS = YES_AGGRESSIVE;
				GCC_WARN_UNUSED_FUNCTION = YES;
				GCC_WARN_UNUSED_VARIABLE = YES;
				IPHONEOS_DEPLOYMENT_TARGET = 11.3;
				MTL_ENABLE_DEBUG_INFO = NO;
				SDKROOT = iphoneos;
				SWIFT_COMPILATION_MODE = wholemodule;
				SWIFT_OPTIMIZATION_LEVEL = "-O";
				VALIDATE_PRODUCT = YES;
			};
			name = Release;
		};
		CECE5FF520B1AC7A0018E878 /* Debug */ = {
			isa = XCBuildConfiguration;
			baseConfigurationReference = FCE317C8384C466D5FD7F75B /* Pods-Cammeet.debug.xcconfig */;
			buildSettings = {
				ASSETCATALOG_COMPILER_APPICON_NAME = AppIcon;
				CODE_SIGN_ENTITLEMENTS = Cammeet/Cammeet.entitlements;
				CODE_SIGN_STYLE = Automatic;
				DEVELOPMENT_TEAM = 827YX997NH;
				INFOPLIST_FILE = Cammeet/Info.plist;
				IPHONEOS_DEPLOYMENT_TARGET = 11.0;
				LD_RUNPATH_SEARCH_PATHS = (
					"$(inherited)",
					"@executable_path/Frameworks",
				);
				PRODUCT_BUNDLE_IDENTIFIER = app.chemistry.cammeet;
				PRODUCT_NAME = "$(TARGET_NAME)";
				SWIFT_VERSION = 4.0;
				TARGETED_DEVICE_FAMILY = "1,2";
			};
			name = Debug;
		};
		CECE5FF620B1AC7A0018E878 /* Release */ = {
			isa = XCBuildConfiguration;
			baseConfigurationReference = 34F12FB065E6C70A75E50240 /* Pods-Cammeet.release.xcconfig */;
			buildSettings = {
				ASSETCATALOG_COMPILER_APPICON_NAME = AppIcon;
				CODE_SIGN_ENTITLEMENTS = Cammeet/Cammeet.entitlements;
				CODE_SIGN_STYLE = Automatic;
				DEVELOPMENT_TEAM = 827YX997NH;
				INFOPLIST_FILE = Cammeet/Info.plist;
				IPHONEOS_DEPLOYMENT_TARGET = 11.0;
				LD_RUNPATH_SEARCH_PATHS = (
					"$(inherited)",
					"@executable_path/Frameworks",
				);
				PRODUCT_BUNDLE_IDENTIFIER = app.chemistry.cammeet;
				PRODUCT_NAME = "$(TARGET_NAME)";
				SWIFT_VERSION = 4.0;
				TARGETED_DEVICE_FAMILY = "1,2";
			};
			name = Release;
		};
/* End XCBuildConfiguration section */

/* Begin XCConfigurationList section */
		CECE5FC720B1AC790018E878 /* Build configuration list for PBXProject "Cammeet" */ = {
			isa = XCConfigurationList;
			buildConfigurations = (
				CECE5FF220B1AC7A0018E878 /* Debug */,
				CECE5FF320B1AC7A0018E878 /* Release */,
			);
			defaultConfigurationIsVisible = 0;
			defaultConfigurationName = Release;
		};
		CECE5FF420B1AC7A0018E878 /* Build configuration list for PBXNativeTarget "Cammeet" */ = {
			isa = XCConfigurationList;
			buildConfigurations = (
				CECE5FF520B1AC7A0018E878 /* Debug */,
				CECE5FF620B1AC7A0018E878 /* Release */,
			);
			defaultConfigurationIsVisible = 0;
			defaultConfigurationName = Release;
		};
/* End XCConfigurationList section */
	};
	rootObject = CECE5FC420B1AC790018E878 /* Project object */;
}
